// !$*UTF8*$!
{
	archiveVersion = 1;
	classes = {
	};
	objectVersion = 56;
	objects = {

/* Begin PBXBuildFile section */
		0B5BA1882C40EF5B0008A11E /* RunDetailViewController.swift in Sources */ = {isa = PBXBuildFile; fileRef = 0B5BA1872C40EF5B0008A11E /* RunDetailViewController.swift */; };
		0B5BA18A2C40EF750008A11E /* LocationManager.swift in Sources */ = {isa = PBXBuildFile; fileRef = 0B5BA1892C40EF750008A11E /* LocationManager.swift */; };
		0B5BA18C2C40EF810008A11E /* Checkpoint.swift in Sources */ = {isa = PBXBuildFile; fileRef = 0B5BA18B2C40EF810008A11E /* Checkpoint.swift */; };
		0B5BA18E2C40EF870008A11E /* AudioService.swift in Sources */ = {isa = PBXBuildFile; fileRef = 0B5BA18D2C40EF870008A11E /* AudioService.swift */; };
		0B5BA1942C41E9400008A11E /* GoogleService-Info.plist in Resources */ = {isa = PBXBuildFile; fileRef = 0B5BA1932C41E93F0008A11E /* GoogleService-Info.plist */; };
		0B5BA1962C585AC80008A11E /* RunCollectionViewCell.swift in Sources */ = {isa = PBXBuildFile; fileRef = 0B5BA1952C585AC80008A11E /* RunCollectionViewCell.swift */; };
		0BA7299F2C5860FC003FCE07 /* RunListViewController.swift in Sources */ = {isa = PBXBuildFile; fileRef = 0BA7299E2C5860FC003FCE07 /* RunListViewController.swift */; };
		0BFB2B682C2A5B9700B22505 /* AppDelegate.swift in Sources */ = {isa = PBXBuildFile; fileRef = 0BFB2B672C2A5B9700B22505 /* AppDelegate.swift */; };
		0BFB2B6A2C2A5B9700B22505 /* SceneDelegate.swift in Sources */ = {isa = PBXBuildFile; fileRef = 0BFB2B692C2A5B9700B22505 /* SceneDelegate.swift */; };
		0BFB2B6F2C2A5B9800B22505 /* Base in Resources */ = {isa = PBXBuildFile; fileRef = 0BFB2B6E2C2A5B9800B22505 /* Base */; };
		0BFB2B712C2A5B9900B22505 /* Assets.xcassets in Resources */ = {isa = PBXBuildFile; fileRef = 0BFB2B702C2A5B9900B22505 /* Assets.xcassets */; };
		0BFB2B742C2A5B9900B22505 /* Base in Resources */ = {isa = PBXBuildFile; fileRef = 0BFB2B732C2A5B9900B22505 /* Base */; };
		0BFB2B7F2C2A5D9400B22505 /* FirebaseAnalytics in Frameworks */ = {isa = PBXBuildFile; productRef = 0BFB2B7E2C2A5D9400B22505 /* FirebaseAnalytics */; };
		0BFB2B812C2A5D9400B22505 /* FirebaseAuth in Frameworks */ = {isa = PBXBuildFile; productRef = 0BFB2B802C2A5D9400B22505 /* FirebaseAuth */; };
		0BFB2B832C2A5D9400B22505 /* FirebaseDatabase in Frameworks */ = {isa = PBXBuildFile; productRef = 0BFB2B822C2A5D9400B22505 /* FirebaseDatabase */; };
		0BFB2B852C2A5D9400B22505 /* FirebaseFirestore in Frameworks */ = {isa = PBXBuildFile; productRef = 0BFB2B842C2A5D9400B22505 /* FirebaseFirestore */; };
		0BFB2B872C2A5D9400B22505 /* FirebaseStorage in Frameworks */ = {isa = PBXBuildFile; productRef = 0BFB2B862C2A5D9400B22505 /* FirebaseStorage */; };
		0BFB2B8D2C3F36C200B22505 /* run.swift in Sources */ = {isa = PBXBuildFile; fileRef = 0BFB2B8C2C3F36C200B22505 /* run.swift */; };
		0BFB2B912C3F384B00B22505 /* FirebaseFirestoreSwift in Frameworks */ = {isa = PBXBuildFile; productRef = 0BFB2B902C3F384B00B22505 /* FirebaseFirestoreSwift */; };
/* End PBXBuildFile section */

/* Begin PBXFileReference section */
		0B5BA1872C40EF5B0008A11E /* RunDetailViewController.swift */ = {isa = PBXFileReference; fileEncoding = 4; lastKnownFileType = sourcecode.swift; path = RunDetailViewController.swift; sourceTree = "<group>"; };
		0B5BA1892C40EF750008A11E /* LocationManager.swift */ = {isa = PBXFileReference; fileEncoding = 4; lastKnownFileType = sourcecode.swift; path = LocationManager.swift; sourceTree = "<group>"; };
		0B5BA18B2C40EF810008A11E /* Checkpoint.swift */ = {isa = PBXFileReference; fileEncoding = 4; lastKnownFileType = sourcecode.swift; path = Checkpoint.swift; sourceTree = "<group>"; };
		0B5BA18D2C40EF870008A11E /* AudioService.swift */ = {isa = PBXFileReference; fileEncoding = 4; lastKnownFileType = sourcecode.swift; path = AudioService.swift; sourceTree = "<group>"; };
		0B5BA1932C41E93F0008A11E /* GoogleService-Info.plist */ = {isa = PBXFileReference; fileEncoding = 4; lastKnownFileType = text.plist.xml; path = "GoogleService-Info.plist"; sourceTree = "<group>"; };
		0B5BA1952C585AC80008A11E /* RunCollectionViewCell.swift */ = {isa = PBXFileReference; lastKnownFileType = sourcecode.swift; path = RunCollectionViewCell.swift; sourceTree = "<group>"; };
		0BA7299E2C5860FC003FCE07 /* RunListViewController.swift */ = {isa = PBXFileReference; lastKnownFileType = sourcecode.swift; path = RunListViewController.swift; sourceTree = "<group>"; };
		0BFB2B642C2A5B9700B22505 /* Playground.app */ = {isa = PBXFileReference; explicitFileType = wrapper.application; includeInIndex = 0; path = Playground.app; sourceTree = BUILT_PRODUCTS_DIR; };
		0BFB2B672C2A5B9700B22505 /* AppDelegate.swift */ = {isa = PBXFileReference; lastKnownFileType = sourcecode.swift; path = AppDelegate.swift; sourceTree = "<group>"; };
		0BFB2B692C2A5B9700B22505 /* SceneDelegate.swift */ = {isa = PBXFileReference; lastKnownFileType = sourcecode.swift; path = SceneDelegate.swift; sourceTree = "<group>"; };
		0BFB2B6E2C2A5B9800B22505 /* Base */ = {isa = PBXFileReference; lastKnownFileType = file.storyboard; name = Base; path = Base.lproj/Main.storyboard; sourceTree = "<group>"; };
		0BFB2B702C2A5B9900B22505 /* Assets.xcassets */ = {isa = PBXFileReference; lastKnownFileType = folder.assetcatalog; path = Assets.xcassets; sourceTree = "<group>"; };
		0BFB2B732C2A5B9900B22505 /* Base */ = {isa = PBXFileReference; lastKnownFileType = file.storyboard; name = Base; path = Base.lproj/LaunchScreen.storyboard; sourceTree = "<group>"; };
		0BFB2B752C2A5B9900B22505 /* Info.plist */ = {isa = PBXFileReference; lastKnownFileType = text.plist.xml; path = Info.plist; sourceTree = "<group>"; };
		0BFB2B8C2C3F36C200B22505 /* run.swift */ = {isa = PBXFileReference; lastKnownFileType = sourcecode.swift; path = run.swift; sourceTree = "<group>"; };
/* End PBXFileReference section */

/* Begin PBXFrameworksBuildPhase section */
		0BFB2B612C2A5B9700B22505 /* Frameworks */ = {
			isa = PBXFrameworksBuildPhase;
			buildActionMask = 2147483647;
			files = (
				0BFB2B832C2A5D9400B22505 /* FirebaseDatabase in Frameworks */,
				0BFB2B852C2A5D9400B22505 /* FirebaseFirestore in Frameworks */,
				0BFB2B7F2C2A5D9400B22505 /* FirebaseAnalytics in Frameworks */,
				0BFB2B872C2A5D9400B22505 /* FirebaseStorage in Frameworks */,
				0BFB2B812C2A5D9400B22505 /* FirebaseAuth in Frameworks */,
				0BFB2B912C3F384B00B22505 /* FirebaseFirestoreSwift in Frameworks */,
			);
			runOnlyForDeploymentPostprocessing = 0;
		};
/* End PBXFrameworksBuildPhase section */

/* Begin PBXGroup section */
		0BFB2B5B2C2A5B9700B22505 = {
			isa = PBXGroup;
			children = (
				0BFB2B662C2A5B9700B22505 /* Playground */,
				0BFB2B652C2A5B9700B22505 /* Products */,
			);
			sourceTree = "<group>";
		};
		0BFB2B652C2A5B9700B22505 /* Products */ = {
			isa = PBXGroup;
			children = (
				0BFB2B642C2A5B9700B22505 /* Playground.app */,
			);
			name = Products;
			sourceTree = "<group>";
		};
		0BFB2B662C2A5B9700B22505 /* Playground */ = {
			isa = PBXGroup;
			children = (
				0B5BA1892C40EF750008A11E /* LocationManager.swift */,
				0BFB2B672C2A5B9700B22505 /* AppDelegate.swift */,
				0BFB2B692C2A5B9700B22505 /* SceneDelegate.swift */,
				0B5BA1872C40EF5B0008A11E /* RunDetailViewController.swift */,
				0B5BA18B2C40EF810008A11E /* Checkpoint.swift */,
				0BFB2B8C2C3F36C200B22505 /* run.swift */,
				0B5BA18D2C40EF870008A11E /* AudioService.swift */,
				0BFB2B6D2C2A5B9800B22505 /* Main.storyboard */,
				0BFB2B702C2A5B9900B22505 /* Assets.xcassets */,
				0BFB2B722C2A5B9900B22505 /* LaunchScreen.storyboard */,
				0BFB2B752C2A5B9900B22505 /* Info.plist */,
				0B5BA1932C41E93F0008A11E /* GoogleService-Info.plist */,
				0B5BA1952C585AC80008A11E /* RunCollectionViewCell.swift */,
				0BA7299E2C5860FC003FCE07 /* RunListViewController.swift */,
			);
			path = Playground;
			sourceTree = "<group>";
		};
/* End PBXGroup section */

/* Begin PBXNativeTarget section */
		0BFB2B632C2A5B9700B22505 /* Playground */ = {
			isa = PBXNativeTarget;
			buildConfigurationList = 0BFB2B782C2A5B9900B22505 /* Build configuration list for PBXNativeTarget "Playground" */;
			buildPhases = (
				0BFB2B602C2A5B9700B22505 /* Sources */,
				0BFB2B612C2A5B9700B22505 /* Frameworks */,
				0BFB2B622C2A5B9700B22505 /* Resources */,
			);
			buildRules = (
			);
			dependencies = (
			);
			name = Playground;
			packageProductDependencies = (
				0BFB2B7E2C2A5D9400B22505 /* FirebaseAnalytics */,
				0BFB2B802C2A5D9400B22505 /* FirebaseAuth */,
				0BFB2B822C2A5D9400B22505 /* FirebaseDatabase */,
				0BFB2B842C2A5D9400B22505 /* FirebaseFirestore */,
				0BFB2B862C2A5D9400B22505 /* FirebaseStorage */,
				0BFB2B902C3F384B00B22505 /* FirebaseFirestoreSwift */,
			);
			productName = Playground;
			productReference = 0BFB2B642C2A5B9700B22505 /* Playground.app */;
			productType = "com.apple.product-type.application";
		};
/* End PBXNativeTarget section */

/* Begin PBXProject section */
		0BFB2B5C2C2A5B9700B22505 /* Project object */ = {
			isa = PBXProject;
			attributes = {
				BuildIndependentTargetsInParallel = 1;
				LastSwiftUpdateCheck = 1540;
				LastUpgradeCheck = 1540;
				TargetAttributes = {
					0BFB2B632C2A5B9700B22505 = {
						CreatedOnToolsVersion = 15.4;
					};
				};
			};
			buildConfigurationList = 0BFB2B5F2C2A5B9700B22505 /* Build configuration list for PBXProject "Playground" */;
			compatibilityVersion = "Xcode 14.0";
			developmentRegion = en;
			hasScannedForEncodings = 0;
			knownRegions = (
				en,
				Base,
			);
			mainGroup = 0BFB2B5B2C2A5B9700B22505;
			packageReferences = (
				0BFB2B7D2C2A5D9400B22505 /* XCRemoteSwiftPackageReference "firebase-ios-sdk" */,
			);
			productRefGroup = 0BFB2B652C2A5B9700B22505 /* Products */;
			projectDirPath = "";
			projectRoot = "";
			targets = (
				0BFB2B632C2A5B9700B22505 /* Playground */,
			);
		};
/* End PBXProject section */

/* Begin PBXResourcesBuildPhase section */
		0BFB2B622C2A5B9700B22505 /* Resources */ = {
			isa = PBXResourcesBuildPhase;
			buildActionMask = 2147483647;
			files = (
				0BFB2B712C2A5B9900B22505 /* Assets.xcassets in Resources */,
				0B5BA1942C41E9400008A11E /* GoogleService-Info.plist in Resources */,
				0BFB2B742C2A5B9900B22505 /* Base in Resources */,
				0BFB2B6F2C2A5B9800B22505 /* Base in Resources */,
			);
			runOnlyForDeploymentPostprocessing = 0;
		};
/* End PBXResourcesBuildPhase section */

/* Begin PBXSourcesBuildPhase section */
		0BFB2B602C2A5B9700B22505 /* Sources */ = {
			isa = PBXSourcesBuildPhase;
			buildActionMask = 2147483647;
			files = (
				0BFB2B8D2C3F36C200B22505 /* run.swift in Sources */,
				0B5BA18A2C40EF750008A11E /* LocationManager.swift in Sources */,
				0B5BA1882C40EF5B0008A11E /* RunDetailViewController.swift in Sources */,
				0BFB2B682C2A5B9700B22505 /* AppDelegate.swift in Sources */,
				0B5BA18E2C40EF870008A11E /* AudioService.swift in Sources */,
				0B5BA1962C585AC80008A11E /* RunCollectionViewCell.swift in Sources */,
				0BA7299F2C5860FC003FCE07 /* RunListViewController.swift in Sources */,
				0BFB2B6A2C2A5B9700B22505 /* SceneDelegate.swift in Sources */,
				0B5BA18C2C40EF810008A11E /* Checkpoint.swift in Sources */,
			);
			runOnlyForDeploymentPostprocessing = 0;
		};
/* End PBXSourcesBuildPhase section */

/* Begin PBXVariantGroup section */
		0BFB2B6D2C2A5B9800B22505 /* Main.storyboard */ = {
			isa = PBXVariantGroup;
			children = (
				0BFB2B6E2C2A5B9800B22505 /* Base */,
			);
			name = Main.storyboard;
			sourceTree = "<group>";
		};
		0BFB2B722C2A5B9900B22505 /* LaunchScreen.storyboard */ = {
			isa = PBXVariantGroup;
			children = (
				0BFB2B732C2A5B9900B22505 /* Base */,
			);
			name = LaunchScreen.storyboard;
			sourceTree = "<group>";
		};
/* End PBXVariantGroup section */

/* Begin XCBuildConfiguration section */
		0BFB2B762C2A5B9900B22505 /* Debug */ = {
			isa = XCBuildConfiguration;
			buildSettings = {
				ALWAYS_SEARCH_USER_PATHS = NO;
				ASSETCATALOG_COMPILER_GENERATE_SWIFT_ASSET_SYMBOL_EXTENSIONS = YES;
				CLANG_ANALYZER_NONNULL = YES;
				CLANG_ANALYZER_NUMBER_OBJECT_CONVERSION = YES_AGGRESSIVE;
				CLANG_CXX_LANGUAGE_STANDARD = "gnu++20";
				CLANG_ENABLE_MODULES = YES;
				CLANG_ENABLE_OBJC_ARC = YES;
				CLANG_ENABLE_OBJC_WEAK = YES;
				CLANG_WARN_BLOCK_CAPTURE_AUTORELEASING = YES;
				CLANG_WARN_BOOL_CONVERSION = YES;
				CLANG_WARN_COMMA = YES;
				CLANG_WARN_CONSTANT_CONVERSION = YES;
				CLANG_WARN_DEPRECATED_OBJC_IMPLEMENTATIONS = YES;
				CLANG_WARN_DIRECT_OBJC_ISA_USAGE = YES_ERROR;
				CLANG_WARN_DOCUMENTATION_COMMENTS = YES;
				CLANG_WARN_EMPTY_BODY = YES;
				CLANG_WARN_ENUM_CONVERSION = YES;
				CLANG_WARN_INFINITE_RECURSION = YES;
				CLANG_WARN_INT_CONVERSION = YES;
				CLANG_WARN_NON_LITERAL_NULL_CONVERSION = YES;
				CLANG_WARN_OBJC_IMPLICIT_RETAIN_SELF = YES;
				CLANG_WARN_OBJC_LITERAL_CONVERSION = YES;
				CLANG_WARN_OBJC_ROOT_CLASS = YES_ERROR;
				CLANG_WARN_QUOTED_INCLUDE_IN_FRAMEWORK_HEADER = YES;
				CLANG_WARN_RANGE_LOOP_ANALYSIS = YES;
				CLANG_WARN_STRICT_PROTOTYPES = YES;
				CLANG_WARN_SUSPICIOUS_MOVE = YES;
				CLANG_WARN_UNGUARDED_AVAILABILITY = YES_AGGRESSIVE;
				CLANG_WARN_UNREACHABLE_CODE = YES;
				CLANG_WARN__DUPLICATE_METHOD_MATCH = YES;
				COPY_PHASE_STRIP = NO;
				DEBUG_INFORMATION_FORMAT = dwarf;
				ENABLE_STRICT_OBJC_MSGSEND = YES;
				ENABLE_TESTABILITY = YES;
				ENABLE_USER_SCRIPT_SANDBOXING = YES;
				GCC_C_LANGUAGE_STANDARD = gnu17;
				GCC_DYNAMIC_NO_PIC = NO;
				GCC_NO_COMMON_BLOCKS = YES;
				GCC_OPTIMIZATION_LEVEL = 0;
				GCC_PREPROCESSOR_DEFINITIONS = (
					"DEBUG=1",
					"$(inherited)",
				);
				GCC_WARN_64_TO_32_BIT_CONVERSION = YES;
				GCC_WARN_ABOUT_RETURN_TYPE = YES_ERROR;
				GCC_WARN_UNDECLARED_SELECTOR = YES;
				GCC_WARN_UNINITIALIZED_AUTOS = YES_AGGRESSIVE;
				GCC_WARN_UNUSED_FUNCTION = YES;
				GCC_WARN_UNUSED_VARIABLE = YES;
				IPHONEOS_DEPLOYMENT_TARGET = 17.5;
				LOCALIZATION_PREFERS_STRING_CATALOGS = YES;
				MTL_ENABLE_DEBUG_INFO = INCLUDE_SOURCE;
				MTL_FAST_MATH = YES;
				ONLY_ACTIVE_ARCH = YES;
				SDKROOT = iphoneos;
				SWIFT_ACTIVE_COMPILATION_CONDITIONS = "DEBUG $(inherited)";
				SWIFT_OPTIMIZATION_LEVEL = "-Onone";
			};
			name = Debug;
		};
		0BFB2B772C2A5B9900B22505 /* Release */ = {
			isa = XCBuildConfiguration;
			buildSettings = {
				ALWAYS_SEARCH_USER_PATHS = NO;
				ASSETCATALOG_COMPILER_GENERATE_SWIFT_ASSET_SYMBOL_EXTENSIONS = YES;
				CLANG_ANALYZER_NONNULL = YES;
				CLANG_ANALYZER_NUMBER_OBJECT_CONVERSION = YES_AGGRESSIVE;
				CLANG_CXX_LANGUAGE_STANDARD = "gnu++20";
				CLANG_ENABLE_MODULES = YES;
				CLANG_ENABLE_OBJC_ARC = YES;
				CLANG_ENABLE_OBJC_WEAK = YES;
				CLANG_WARN_BLOCK_CAPTURE_AUTORELEASING = YES;
				CLANG_WARN_BOOL_CONVERSION = YES;
				CLANG_WARN_COMMA = YES;
				CLANG_WARN_CONSTANT_CONVERSION = YES;
				CLANG_WARN_DEPRECATED_OBJC_IMPLEMENTATIONS = YES;
				CLANG_WARN_DIRECT_OBJC_ISA_USAGE = YES_ERROR;
				CLANG_WARN_DOCUMENTATION_COMMENTS = YES;
				CLANG_WARN_EMPTY_BODY = YES;
				CLANG_WARN_ENUM_CONVERSION = YES;
				CLANG_WARN_INFINITE_RECURSION = YES;
				CLANG_WARN_INT_CONVERSION = YES;
				CLANG_WARN_NON_LITERAL_NULL_CONVERSION = YES;
				CLANG_WARN_OBJC_IMPLICIT_RETAIN_SELF = YES;
				CLANG_WARN_OBJC_LITERAL_CONVERSION = YES;
				CLANG_WARN_OBJC_ROOT_CLASS = YES_ERROR;
				CLANG_WARN_QUOTED_INCLUDE_IN_FRAMEWORK_HEADER = YES;
				CLANG_WARN_RANGE_LOOP_ANALYSIS = YES;
				CLANG_WARN_STRICT_PROTOTYPES = YES;
				CLANG_WARN_SUSPICIOUS_MOVE = YES;
				CLANG_WARN_UNGUARDED_AVAILABILITY = YES_AGGRESSIVE;
				CLANG_WARN_UNREACHABLE_CODE = YES;
				CLANG_WARN__DUPLICATE_METHOD_MATCH = YES;
				COPY_PHASE_STRIP = NO;
				DEBUG_INFORMATION_FORMAT = "dwarf-with-dsym";
				ENABLE_NS_ASSERTIONS = NO;
				ENABLE_STRICT_OBJC_MSGSEND = YES;
				ENABLE_USER_SCRIPT_SANDBOXING = YES;
				GCC_C_LANGUAGE_STANDARD = gnu17;
				GCC_NO_COMMON_BLOCKS = YES;
				GCC_WARN_64_TO_32_BIT_CONVERSION = YES;
				GCC_WARN_ABOUT_RETURN_TYPE = YES_ERROR;
				GCC_WARN_UNDECLARED_SELECTOR = YES;
				GCC_WARN_UNINITIALIZED_AUTOS = YES_AGGRESSIVE;
				GCC_WARN_UNUSED_FUNCTION = YES;
				GCC_WARN_UNUSED_VARIABLE = YES;
				IPHONEOS_DEPLOYMENT_TARGET = 17.5;
				LOCALIZATION_PREFERS_STRING_CATALOGS = YES;
				MTL_ENABLE_DEBUG_INFO = NO;
				MTL_FAST_MATH = YES;
				SDKROOT = iphoneos;
				SWIFT_COMPILATION_MODE = wholemodule;
				VALIDATE_PRODUCT = YES;
			};
			name = Release;
		};
		0BFB2B792C2A5B9900B22505 /* Debug */ = {
			isa = XCBuildConfiguration;
			buildSettings = {
				ASSETCATALOG_COMPILER_APPICON_NAME = AppIcon;
				ASSETCATALOG_COMPILER_GLOBAL_ACCENT_COLOR_NAME = AccentColor;
				CODE_SIGN_STYLE = Automatic;
				CURRENT_PROJECT_VERSION = 1;
				DEVELOPMENT_TEAM = SL3P34N8QF;
				GENERATE_INFOPLIST_FILE = YES;
				INFOPLIST_FILE = Playground/Info.plist;
				INFOPLIST_KEY_NSLocationAlwaysAndWhenInUseUsageDescription = "We use your location to track your run progress even when the app is in the background.";
				INFOPLIST_KEY_NSLocationAlwaysUsageDescription = "We use your location to track your run progress even when the app is in the background.";
				INFOPLIST_KEY_NSLocationWhenInUseUsageDescription = "We use your location to track your run progress even when the app is in the background.";
				INFOPLIST_KEY_UIApplicationSupportsIndirectInputEvents = YES;
				INFOPLIST_KEY_UILaunchStoryboardName = LaunchScreen;
				INFOPLIST_KEY_UIMainStoryboardFile = Main;
				INFOPLIST_KEY_UISupportedInterfaceOrientations = "UIInterfaceOrientationLandscapeLeft UIInterfaceOrientationLandscapeRight UIInterfaceOrientationPortrait UIInterfaceOrientationPortraitUpsideDown";
				LD_RUNPATH_SEARCH_PATHS = (
					"$(inherited)",
					"@executable_path/Frameworks",
				);
				MARKETING_VERSION = 1.0;
				PRODUCT_BUNDLE_IDENTIFIER = com.antoniomestre.playground;
				PRODUCT_NAME = "$(TARGET_NAME)";
				SWIFT_EMIT_LOC_STRINGS = YES;
				SWIFT_VERSION = 5.0;
				TARGETED_DEVICE_FAMILY = "1,2";
			};
			name = Debug;
		};
		0BFB2B7A2C2A5B9900B22505 /* Release */ = {
			isa = XCBuildConfiguration;
			buildSettings = {
				ASSETCATALOG_COMPILER_APPICON_NAME = AppIcon;
				ASSETCATALOG_COMPILER_GLOBAL_ACCENT_COLOR_NAME = AccentColor;
				CODE_SIGN_STYLE = Automatic;
				CURRENT_PROJECT_VERSION = 1;
				DEVELOPMENT_TEAM = SL3P34N8QF;
				GENERATE_INFOPLIST_FILE = YES;
				INFOPLIST_FILE = Playground/Info.plist;
				INFOPLIST_KEY_NSLocationAlwaysAndWhenInUseUsageDescription = "We use your location to track your run progress even when the app is in the background.";
				INFOPLIST_KEY_NSLocationAlwaysUsageDescription = "We use your location to track your run progress even when the app is in the background.";
				INFOPLIST_KEY_NSLocationWhenInUseUsageDescription = "We use your location to track your run progress even when the app is in the background.";
				INFOPLIST_KEY_UIApplicationSupportsIndirectInputEvents = YES;
				INFOPLIST_KEY_UILaunchStoryboardName = LaunchScreen;
				INFOPLIST_KEY_UIMainStoryboardFile = Main;
				INFOPLIST_KEY_UISupportedInterfaceOrientations = "UIInterfaceOrientationLandscapeLeft UIInterfaceOrientationLandscapeRight UIInterfaceOrientationPortrait UIInterfaceOrientationPortraitUpsideDown";
				LD_RUNPATH_SEARCH_PATHS = (
					"$(inherited)",
					"@executable_path/Frameworks",
				);
				MARKETING_VERSION = 1.0;
				PRODUCT_BUNDLE_IDENTIFIER = com.antoniomestre.playground;
				PRODUCT_NAME = "$(TARGET_NAME)";
				SWIFT_EMIT_LOC_STRINGS = YES;
				SWIFT_VERSION = 5.0;
				TARGETED_DEVICE_FAMILY = "1,2";
			};
			name = Release;
		};
/* End XCBuildConfiguration section */

/* Begin XCConfigurationList section */
		0BFB2B5F2C2A5B9700B22505 /* Build configuration list for PBXProject "Playground" */ = {
			isa = XCConfigurationList;
			buildConfigurations = (
				0BFB2B762C2A5B9900B22505 /* Debug */,
				0BFB2B772C2A5B9900B22505 /* Release */,
			);
			defaultConfigurationIsVisible = 0;
			defaultConfigurationName = Release;
		};
		0BFB2B782C2A5B9900B22505 /* Build configuration list for PBXNativeTarget "Playground" */ = {
			isa = XCConfigurationList;
			buildConfigurations = (
				0BFB2B792C2A5B9900B22505 /* Debug */,
				0BFB2B7A2C2A5B9900B22505 /* Release */,
			);
			defaultConfigurationIsVisible = 0;
			defaultConfigurationName = Release;
		};
/* End XCConfigurationList section */

/* Begin XCRemoteSwiftPackageReference section */
		0BFB2B7D2C2A5D9400B22505 /* XCRemoteSwiftPackageReference "firebase-ios-sdk" */ = {
			isa = XCRemoteSwiftPackageReference;
			repositoryURL = "https://github.com/firebase/firebase-ios-sdk";
			requirement = {
				kind = upToNextMajorVersion;
				minimumVersion = 10.28.1;
			};
		};
/* End XCRemoteSwiftPackageReference section */

/* Begin XCSwiftPackageProductDependency section */
		0BFB2B7E2C2A5D9400B22505 /* FirebaseAnalytics */ = {
			isa = XCSwiftPackageProductDependency;
			package = 0BFB2B7D2C2A5D9400B22505 /* XCRemoteSwiftPackageReference "firebase-ios-sdk" */;
			productName = FirebaseAnalytics;
		};
		0BFB2B802C2A5D9400B22505 /* FirebaseAuth */ = {
			isa = XCSwiftPackageProductDependency;
			package = 0BFB2B7D2C2A5D9400B22505 /* XCRemoteSwiftPackageReference "firebase-ios-sdk" */;
			productName = FirebaseAuth;
		};
		0BFB2B822C2A5D9400B22505 /* FirebaseDatabase */ = {
			isa = XCSwiftPackageProductDependency;
			package = 0BFB2B7D2C2A5D9400B22505 /* XCRemoteSwiftPackageReference "firebase-ios-sdk" */;
			productName = FirebaseDatabase;
		};
		0BFB2B842C2A5D9400B22505 /* FirebaseFirestore */ = {
			isa = XCSwiftPackageProductDependency;
			package = 0BFB2B7D2C2A5D9400B22505 /* XCRemoteSwiftPackageReference "firebase-ios-sdk" */;
			productName = FirebaseFirestore;
		};
		0BFB2B862C2A5D9400B22505 /* FirebaseStorage */ = {
			isa = XCSwiftPackageProductDependency;
			package = 0BFB2B7D2C2A5D9400B22505 /* XCRemoteSwiftPackageReference "firebase-ios-sdk" */;
			productName = FirebaseStorage;
		};
		0BFB2B902C3F384B00B22505 /* FirebaseFirestoreSwift */ = {
			isa = XCSwiftPackageProductDependency;
			package = 0BFB2B7D2C2A5D9400B22505 /* XCRemoteSwiftPackageReference "firebase-ios-sdk" */;
			productName = FirebaseFirestoreSwift;
		};
/* End XCSwiftPackageProductDependency section */
	};
	rootObject = 0BFB2B5C2C2A5B9700B22505 /* Project object */;
}
